// !$*UTF8*$!
{
	archiveVersion = 1;
	classes = {
	};
	objectVersion = 77;
	objects = {

/* Begin PBXBuildFile section */
		C9483D132EE4B0E80071B6D8 /* GoogleSignIn in Frameworks */ = {isa = PBXBuildFile; productRef = C9483D122EE4B0E80071B6D8 /* GoogleSignIn */; };
		C9483D152EE4B0E80071B6D8 /* GoogleSignInSwift in Frameworks */ = {isa = PBXBuildFile; productRef = C9483D142EE4B0E80071B6D8 /* GoogleSignInSwift */; };
		C9E3894E2EC1619200DCC8EE /* FirebaseAI in Frameworks */ = {isa = PBXBuildFile; productRef = C9E3894D2EC1619200DCC8EE /* FirebaseAI */; };
		C9E389502EC1619200DCC8EE /* FirebaseAnalytics in Frameworks */ = {isa = PBXBuildFile; productRef = C9E3894F2EC1619200DCC8EE /* FirebaseAnalytics */; };
		C9E389522EC1619200DCC8EE /* FirebaseAuth in Frameworks */ = {isa = PBXBuildFile; productRef = C9E389512EC1619200DCC8EE /* FirebaseAuth */; };
		C9E389542EC1619200DCC8EE /* FirebaseCore in Frameworks */ = {isa = PBXBuildFile; productRef = C9E389532EC1619200DCC8EE /* FirebaseCore */; };
		C9E389562EC1619200DCC8EE /* FirebaseFirestore in Frameworks */ = {isa = PBXBuildFile; productRef = C9E389552EC1619200DCC8EE /* FirebaseFirestore */; };
/* End PBXBuildFile section */

/* Begin PBXContainerItemProxy section */
		C998B05D2CACEB5B00AD3898 /* PBXContainerItemProxy */ = {
			isa = PBXContainerItemProxy;
			containerPortal = C998B0442CACEB5700AD3898 /* Project object */;
			proxyType = 1;
			remoteGlobalIDString = C998B04B2CACEB5700AD3898;
			remoteInfo = FitnessTracker;
		};
		C998B0672CACEB5B00AD3898 /* PBXContainerItemProxy */ = {
			isa = PBXContainerItemProxy;
			containerPortal = C998B0442CACEB5700AD3898 /* Project object */;
			proxyType = 1;
			remoteGlobalIDString = C998B04B2CACEB5700AD3898;
			remoteInfo = FitnessTracker;
		};
/* End PBXContainerItemProxy section */

/* Begin PBXFileReference section */
		C922CBA82F53C5DD003F9734 /* FitnessTracker.xcodeproj */ = {isa = PBXFileReference; lastKnownFileType = "wrapper.pb-project"; path = FitnessTracker.xcodeproj; sourceTree = "<group>"; };
		C98D4F882F54A1AA00454064 /* FitnessTracker.xcodeproj */ = {isa = PBXFileReference; lastKnownFileType = "wrapper.pb-project"; path = FitnessTracker.xcodeproj; sourceTree = "<group>"; };
		C998B04C2CACEB5700AD3898 /* FitnessTracker.app */ = {isa = PBXFileReference; explicitFileType = wrapper.application; includeInIndex = 0; path = FitnessTracker.app; sourceTree = BUILT_PRODUCTS_DIR; };
		C998B05C2CACEB5B00AD3898 /* FitnessTrackerTests.xctest */ = {isa = PBXFileReference; explicitFileType = wrapper.cfbundle; includeInIndex = 0; path = FitnessTrackerTests.xctest; sourceTree = BUILT_PRODUCTS_DIR; };
		C998B0662CACEB5B00AD3898 /* FitnessTrackerUITests.xctest */ = {isa = PBXFileReference; explicitFileType = wrapper.cfbundle; includeInIndex = 0; path = FitnessTrackerUITests.xctest; sourceTree = BUILT_PRODUCTS_DIR; };
/* End PBXFileReference section */

/* Begin PBXFileSystemSynchronizedBuildFileExceptionSet section */
		C9483D192EE4F8170071B6D8 /* Exceptions for "FitnessTracker" folder in "FitnessTracker" target */ = {
			isa = PBXFileSystemSynchronizedBuildFileExceptionSet;
			membershipExceptions = (
				Info.plist,
			);
			target = C998B04B2CACEB5700AD3898 /* FitnessTracker */;
		};
/* End PBXFileSystemSynchronizedBuildFileExceptionSet section */

/* Begin PBXFileSystemSynchronizedRootGroup section */
		C998B05F2CACEB5B00AD3898 /* FitnessTrackerTests */ = {
			isa = PBXFileSystemSynchronizedRootGroup;
			path = FitnessTrackerTests;
			sourceTree = "<group>";
		};
		C998B0692CACEB5B00AD3898 /* FitnessTrackerUITests */ = {
			isa = PBXFileSystemSynchronizedRootGroup;
			path = FitnessTrackerUITests;
			sourceTree = "<group>";
		};
		C9E389A32EC1620F00DCC8EE /* FitnessTracker */ = {
			isa = PBXFileSystemSynchronizedRootGroup;
			exceptions = (
				C9483D192EE4F8170071B6D8 /* Exceptions for "FitnessTracker" folder in "FitnessTracker" target */,
			);
			path = FitnessTracker;
			sourceTree = "<group>";
		};
/* End PBXFileSystemSynchronizedRootGroup section */

/* Begin PBXFrameworksBuildPhase section */
		C998B0492CACEB5700AD3898 /* Frameworks */ = {
			isa = PBXFrameworksBuildPhase;
			buildActionMask = 2147483647;
			files = (
				C9E389502EC1619200DCC8EE /* FirebaseAnalytics in Frameworks */,
				C9E389522EC1619200DCC8EE /* FirebaseAuth in Frameworks */,
				C9483D152EE4B0E80071B6D8 /* GoogleSignInSwift in Frameworks */,
				C9E389542EC1619200DCC8EE /* FirebaseCore in Frameworks */,
				C9E389562EC1619200DCC8EE /* FirebaseFirestore in Frameworks */,
				C9E3894E2EC1619200DCC8EE /* FirebaseAI in Frameworks */,
				C9483D132EE4B0E80071B6D8 /* GoogleSignIn in Frameworks */,
			);
			runOnlyForDeploymentPostprocessing = 0;
		};
		C998B0592CACEB5B00AD3898 /* Frameworks */ = {
			isa = PBXFrameworksBuildPhase;
			buildActionMask = 2147483647;
			files = (
			);
			runOnlyForDeploymentPostprocessing = 0;
		};
		C998B0632CACEB5B00AD3898 /* Frameworks */ = {
			isa = PBXFrameworksBuildPhase;
			buildActionMask = 2147483647;
			files = (
			);
			runOnlyForDeploymentPostprocessing = 0;
		};
/* End PBXFrameworksBuildPhase section */

/* Begin PBXGroup section */
		C922CBAE2F53C5DD003F9734 /* Products */ = {
			isa = PBXGroup;
			name = Products;
			sourceTree = "<group>";
		};
		C9483D112EE4B0E80071B6D8 /* Frameworks */ = {
			isa = PBXGroup;
			children = (
			);
			name = Frameworks;
			sourceTree = "<group>";
		};
		C98D4F8E2F54A1AA00454064 /* Products */ = {
			isa = PBXGroup;
			name = Products;
			sourceTree = "<group>";
		};
		C998B0432CACEB5700AD3898 = {
			isa = PBXGroup;
			children = (
				C9E389A32EC1620F00DCC8EE /* FitnessTracker */,
				C998B05F2CACEB5B00AD3898 /* FitnessTrackerTests */,
				C998B0692CACEB5B00AD3898 /* FitnessTrackerUITests */,
				C9483D112EE4B0E80071B6D8 /* Frameworks */,
				C998B04D2CACEB5700AD3898 /* Products */,
			);
			sourceTree = "<group>";
		};
		C998B04D2CACEB5700AD3898 /* Products */ = {
			isa = PBXGroup;
			children = (
				C998B04C2CACEB5700AD3898 /* FitnessTracker.app */,
				C998B05C2CACEB5B00AD3898 /* FitnessTrackerTests.xctest */,
				C998B0662CACEB5B00AD3898 /* FitnessTrackerUITests.xctest */,
			);
			name = Products;
			sourceTree = "<group>";
		};
/* End PBXGroup section */

/* Begin PBXNativeTarget section */
		C998B04B2CACEB5700AD3898 /* FitnessTracker */ = {
			isa = PBXNativeTarget;
			buildConfigurationList = C998B0702CACEB5B00AD3898 /* Build configuration list for PBXNativeTarget "FitnessTracker" */;
			buildPhases = (
				C998B0482CACEB5700AD3898 /* Sources */,
				C998B0492CACEB5700AD3898 /* Frameworks */,
				C998B04A2CACEB5700AD3898 /* Resources */,
			);
			buildRules = (
			);
			dependencies = (
			);
			fileSystemSynchronizedGroups = (
				C9E389A32EC1620F00DCC8EE /* FitnessTracker */,
			);
			name = FitnessTracker;
			packageProductDependencies = (
				C9E3894D2EC1619200DCC8EE /* FirebaseAI */,
				C9E3894F2EC1619200DCC8EE /* FirebaseAnalytics */,
				C9E389512EC1619200DCC8EE /* FirebaseAuth */,
				C9E389532EC1619200DCC8EE /* FirebaseCore */,
				C9E389552EC1619200DCC8EE /* FirebaseFirestore */,
				C9483D122EE4B0E80071B6D8 /* GoogleSignIn */,
				C9483D142EE4B0E80071B6D8 /* GoogleSignInSwift */,
			);
			productName = FitnessTracker;
			productReference = C998B04C2CACEB5700AD3898 /* FitnessTracker.app */;
			productType = "com.apple.product-type.application";
		};
		C998B05B2CACEB5B00AD3898 /* FitnessTrackerTests */ = {
			isa = PBXNativeTarget;
			buildConfigurationList = C998B0732CACEB5B00AD3898 /* Build configuration list for PBXNativeTarget "FitnessTrackerTests" */;
			buildPhases = (
				C998B0582CACEB5B00AD3898 /* Sources */,
				C998B0592CACEB5B00AD3898 /* Frameworks */,
				C998B05A2CACEB5B00AD3898 /* Resources */,
			);
			buildRules = (
			);
			dependencies = (
				C998B05E2CACEB5B00AD3898 /* PBXTargetDependency */,
			);
			fileSystemSynchronizedGroups = (
				C998B05F2CACEB5B00AD3898 /* FitnessTrackerTests */,
			);
			name = FitnessTrackerTests;
			packageProductDependencies = (
			);
			productName = FitnessTrackerTests;
			productReference = C998B05C2CACEB5B00AD3898 /* FitnessTrackerTests.xctest */;
			productType = "com.apple.product-type.bundle.unit-test";
		};
		C998B0652CACEB5B00AD3898 /* FitnessTrackerUITests */ = {
			isa = PBXNativeTarget;
			buildConfigurationList = C998B0762CACEB5B00AD3898 /* Build configuration list for PBXNativeTarget "FitnessTrackerUITests" */;
			buildPhases = (
				C998B0622CACEB5B00AD3898 /* Sources */,
				C998B0632CACEB5B00AD3898 /* Frameworks */,
				C998B0642CACEB5B00AD3898 /* Resources */,
			);
			buildRules = (
			);
			dependencies = (
				C998B0682CACEB5B00AD3898 /* PBXTargetDependency */,
			);
			fileSystemSynchronizedGroups = (
				C998B0692CACEB5B00AD3898 /* FitnessTrackerUITests */,
			);
			name = FitnessTrackerUITests;
			packageProductDependencies = (
			);
			productName = FitnessTrackerUITests;
			productReference = C998B0662CACEB5B00AD3898 /* FitnessTrackerUITests.xctest */;
			productType = "com.apple.product-type.bundle.ui-testing";
		};
/* End PBXNativeTarget section */

/* Begin PBXProject section */
		C998B0442CACEB5700AD3898 /* Project object */ = {
			isa = PBXProject;
			attributes = {
				BuildIndependentTargetsInParallel = 1;
				LastSwiftUpdateCheck = 1600;
				LastUpgradeCheck = 2610;
				TargetAttributes = {
					C998B04B2CACEB5700AD3898 = {
						CreatedOnToolsVersion = 16.0;
					};
					C998B05B2CACEB5B00AD3898 = {
						CreatedOnToolsVersion = 16.0;
						TestTargetID = C998B04B2CACEB5700AD3898;
					};
					C998B0652CACEB5B00AD3898 = {
						CreatedOnToolsVersion = 16.0;
						TestTargetID = C998B04B2CACEB5700AD3898;
					};
				};
			};
			buildConfigurationList = C998B0472CACEB5700AD3898 /* Build configuration list for PBXProject "FitnessTracker" */;
			developmentRegion = en;
			hasScannedForEncodings = 0;
			knownRegions = (
				en,
				Base,
			);
			mainGroup = C998B0432CACEB5700AD3898;
			minimizedProjectReferenceProxies = 1;
			packageReferences = (
				C9E3894C2EC1619200DCC8EE /* XCRemoteSwiftPackageReference "firebase-ios-sdk" */,
				C914B1A12EE4A59E0093E70E /* XCRemoteSwiftPackageReference "GoogleSignIn-iOS" */,
			);
			preferredProjectObjectVersion = 77;
			productRefGroup = C998B04D2CACEB5700AD3898 /* Products */;
			projectDirPath = "";
			projectReferences = (
				{
					ProductGroup = C922CBAE2F53C5DD003F9734 /* Products */;
					ProjectRef = C922CBA82F53C5DD003F9734 /* FitnessTracker.xcodeproj */;
				},
				{
					ProductGroup = C98D4F8E2F54A1AA00454064 /* Products */;
					ProjectRef = C98D4F882F54A1AA00454064 /* FitnessTracker.xcodeproj */;
				},
			);
			projectRoot = "";
			targets = (
				C998B04B2CACEB5700AD3898 /* FitnessTracker */,
				C998B05B2CACEB5B00AD3898 /* FitnessTrackerTests */,
				C998B0652CACEB5B00AD3898 /* FitnessTrackerUITests */,
			);
		};
/* End PBXProject section */

/* Begin PBXResourcesBuildPhase section */
		C998B04A2CACEB5700AD3898 /* Resources */ = {
			isa = PBXResourcesBuildPhase;
			buildActionMask = 2147483647;
			files = (
			);
			runOnlyForDeploymentPostprocessing = 0;
		};
		C998B05A2CACEB5B00AD3898 /* Resources */ = {
			isa = PBXResourcesBuildPhase;
			buildActionMask = 2147483647;
			files = (
			);
			runOnlyForDeploymentPostprocessing = 0;
		};
		C998B0642CACEB5B00AD3898 /* Resources */ = {
			isa = PBXResourcesBuildPhase;
			buildActionMask = 2147483647;
			files = (
			);
			runOnlyForDeploymentPostprocessing = 0;
		};
/* End PBXResourcesBuildPhase section */

/* Begin PBXSourcesBuildPhase section */
		C998B0482CACEB5700AD3898 /* Sources */ = {
			isa = PBXSourcesBuildPhase;
			buildActionMask = 2147483647;
			files = (
			);
			runOnlyForDeploymentPostprocessing = 0;
		};
		C998B0582CACEB5B00AD3898 /* Sources */ = {
			isa = PBXSourcesBuildPhase;
			buildActionMask = 2147483647;
			files = (
			);
			runOnlyForDeploymentPostprocessing = 0;
		};
		C998B0622CACEB5B00AD3898 /* Sources */ = {
			isa = PBXSourcesBuildPhase;
			buildActionMask = 2147483647;
			files = (
			);
			runOnlyForDeploymentPostprocessing = 0;
		};
/* End PBXSourcesBuildPhase section */

/* Begin PBXTargetDependency section */
		C998B05E2CACEB5B00AD3898 /* PBXTargetDependency */ = {
			isa = PBXTargetDependency;
			target = C998B04B2CACEB5700AD3898 /* FitnessTracker */;
			targetProxy = C998B05D2CACEB5B00AD3898 /* PBXContainerItemProxy */;
		};
		C998B0682CACEB5B00AD3898 /* PBXTargetDependency */ = {
			isa = PBXTargetDependency;
			target = C998B04B2CACEB5700AD3898 /* FitnessTracker */;
			targetProxy = C998B0672CACEB5B00AD3898 /* PBXContainerItemProxy */;
		};
/* End PBXTargetDependency section */

/* Begin XCBuildConfiguration section */
		C998B06E2CACEB5B00AD3898 /* Debug */ = {
			isa = XCBuildConfiguration;
			buildSettings = {
				ALWAYS_SEARCH_USER_PATHS = NO;
				ASSETCATALOG_COMPILER_GENERATE_SWIFT_ASSET_SYMBOL_EXTENSIONS = YES;
				CLANG_ANALYZER_NONNULL = YES;
				CLANG_ANALYZER_NUMBER_OBJECT_CONVERSION = YES_AGGRESSIVE;
				CLANG_CXX_LANGUAGE_STANDARD = "gnu++20";
				CLANG_ENABLE_MODULES = YES;
				CLANG_ENABLE_OBJC_ARC = YES;
				CLANG_ENABLE_OBJC_WEAK = YES;
				CLANG_WARN_BLOCK_CAPTURE_AUTORELEASING = YES;
				CLANG_WARN_BOOL_CONVERSION = YES;
				CLANG_WARN_COMMA = YES;
				CLANG_WARN_CONSTANT_CONVERSION = YES;
				CLANG_WARN_DEPRECATED_OBJC_IMPLEMENTATIONS = YES;
				CLANG_WARN_DIRECT_OBJC_ISA_USAGE = YES_ERROR;
				CLANG_WARN_DOCUMENTATION_COMMENTS = YES;
				CLANG_WARN_EMPTY_BODY = YES;
				CLANG_WARN_ENUM_CONVERSION = YES;
				CLANG_WARN_INFINITE_RECURSION = YES;
				CLANG_WARN_INT_CONVERSION = YES;
				CLANG_WARN_NON_LITERAL_NULL_CONVERSION = YES;
				CLANG_WARN_OBJC_IMPLICIT_RETAIN_SELF = YES;
				CLANG_WARN_OBJC_LITERAL_CONVERSION = YES;
				CLANG_WARN_OBJC_ROOT_CLASS = YES_ERROR;
				CLANG_WARN_QUOTED_INCLUDE_IN_FRAMEWORK_HEADER = YES;
				CLANG_WARN_RANGE_LOOP_ANALYSIS = YES;
				CLANG_WARN_STRICT_PROTOTYPES = YES;
				CLANG_WARN_SUSPICIOUS_MOVE = YES;
				CLANG_WARN_UNGUARDED_AVAILABILITY = YES_AGGRESSIVE;
				CLANG_WARN_UNREACHABLE_CODE = YES;
				CLANG_WARN__DUPLICATE_METHOD_MATCH = YES;
				COPY_PHASE_STRIP = NO;
				DEBUG_INFORMATION_FORMAT = dwarf;
				DEVELOPMENT_TEAM = DFTU6RM3M2;
				ENABLE_STRICT_OBJC_MSGSEND = YES;
				ENABLE_TESTABILITY = YES;
				ENABLE_USER_SCRIPT_SANDBOXING = YES;
				GCC_C_LANGUAGE_STANDARD = gnu17;
				GCC_DYNAMIC_NO_PIC = NO;
				GCC_NO_COMMON_BLOCKS = YES;
				GCC_OPTIMIZATION_LEVEL = 0;
				GCC_PREPROCESSOR_DEFINITIONS = (
					"DEBUG=1",
					"$(inherited)",
				);
				GCC_WARN_64_TO_32_BIT_CONVERSION = YES;
				GCC_WARN_ABOUT_RETURN_TYPE = YES_ERROR;
				GCC_WARN_UNDECLARED_SELECTOR = YES;
				GCC_WARN_UNINITIALIZED_AUTOS = YES_AGGRESSIVE;
				GCC_WARN_UNUSED_FUNCTION = YES;
				GCC_WARN_UNUSED_VARIABLE = YES;
				IPHONEOS_DEPLOYMENT_TARGET = 18.0;
				LOCALIZATION_PREFERS_STRING_CATALOGS = YES;
				MTL_ENABLE_DEBUG_INFO = INCLUDE_SOURCE;
				MTL_FAST_MATH = YES;
				ONLY_ACTIVE_ARCH = YES;
				SDKROOT = iphoneos;
				STRING_CATALOG_GENERATE_SYMBOLS = YES;
				SWIFT_ACTIVE_COMPILATION_CONDITIONS = "DEBUG $(inherited)";
				SWIFT_OPTIMIZATION_LEVEL = "-Onone";
			};
			name = Debug;
		};
		C998B06F2CACEB5B00AD3898 /* Release */ = {
			isa = XCBuildConfiguration;
			buildSettings = {
				ALWAYS_SEARCH_USER_PATHS = NO;
				ASSETCATALOG_COMPILER_GENERATE_SWIFT_ASSET_SYMBOL_EXTENSIONS = YES;
				CLANG_ANALYZER_NONNULL = YES;
				CLANG_ANALYZER_NUMBER_OBJECT_CONVERSION = YES_AGGRESSIVE;
				CLANG_CXX_LANGUAGE_STANDARD = "gnu++20";
				CLANG_ENABLE_MODULES = YES;
				CLANG_ENABLE_OBJC_ARC = YES;
				CLANG_ENABLE_OBJC_WEAK = YES;
				CLANG_WARN_BLOCK_CAPTURE_AUTORELEASING = YES;
				CLANG_WARN_BOOL_CONVERSION = YES;
				CLANG_WARN_COMMA = YES;
				CLANG_WARN_CONSTANT_CONVERSION = YES;
				CLANG_WARN_DEPRECATED_OBJC_IMPLEMENTATIONS = YES;
				CLANG_WARN_DIRECT_OBJC_ISA_USAGE = YES_ERROR;
				CLANG_WARN_DOCUMENTATION_COMMENTS = YES;
				CLANG_WARN_EMPTY_BODY = YES;
				CLANG_WARN_ENUM_CONVERSION = YES;
				CLANG_WARN_INFINITE_RECURSION = YES;
				CLANG_WARN_INT_CONVERSION = YES;
				CLANG_WARN_NON_LITERAL_NULL_CONVERSION = YES;
				CLANG_WARN_OBJC_IMPLICIT_RETAIN_SELF = YES;
				CLANG_WARN_OBJC_LITERAL_CONVERSION = YES;
				CLANG_WARN_OBJC_ROOT_CLASS = YES_ERROR;
				CLANG_WARN_QUOTED_INCLUDE_IN_FRAMEWORK_HEADER = YES;
				CLANG_WARN_RANGE_LOOP_ANALYSIS = YES;
				CLANG_WARN_STRICT_PROTOTYPES = YES;
				CLANG_WARN_SUSPICIOUS_MOVE = YES;
				CLANG_WARN_UNGUARDED_AVAILABILITY = YES_AGGRESSIVE;
				CLANG_WARN_UNREACHABLE_CODE = YES;
				CLANG_WARN__DUPLICATE_METHOD_MATCH = YES;
				COPY_PHASE_STRIP = NO;
				DEBUG_INFORMATION_FORMAT = "dwarf-with-dsym";
				DEVELOPMENT_TEAM = DFTU6RM3M2;
				ENABLE_NS_ASSERTIONS = NO;
				ENABLE_STRICT_OBJC_MSGSEND = YES;
				ENABLE_USER_SCRIPT_SANDBOXING = YES;
				GCC_C_LANGUAGE_STANDARD = gnu17;
				GCC_NO_COMMON_BLOCKS = YES;
				GCC_WARN_64_TO_32_BIT_CONVERSION = YES;
				GCC_WARN_ABOUT_RETURN_TYPE = YES_ERROR;
				GCC_WARN_UNDECLARED_SELECTOR = YES;
				GCC_WARN_UNINITIALIZED_AUTOS = YES_AGGRESSIVE;
				GCC_WARN_UNUSED_FUNCTION = YES;
				GCC_WARN_UNUSED_VARIABLE = YES;
				IPHONEOS_DEPLOYMENT_TARGET = 18.0;
				LOCALIZATION_PREFERS_STRING_CATALOGS = YES;
				MTL_ENABLE_DEBUG_INFO = NO;
				MTL_FAST_MATH = YES;
				SDKROOT = iphoneos;
				STRING_CATALOG_GENERATE_SYMBOLS = YES;
				SWIFT_COMPILATION_MODE = wholemodule;
				VALIDATE_PRODUCT = YES;
			};
			name = Release;
		};
		C998B0712CACEB5B00AD3898 /* Debug */ = {
			isa = XCBuildConfiguration;
			buildSettings = {
				ASSETCATALOG_COMPILER_APPICON_NAME = AppIcon;
				ASSETCATALOG_COMPILER_GLOBAL_ACCENT_COLOR_NAME = AccentColor;
				CODE_SIGN_STYLE = Automatic;
				CURRENT_PROJECT_VERSION = 1;
				DEVELOPMENT_ASSET_PATHS = "\"FitnessTracker/Preview Content\"";
				ENABLE_PREVIEWS = YES;
				GENERATE_INFOPLIST_FILE = YES;
				INFOPLIST_FILE = FitnessTracker/Info.plist;
				INFOPLIST_KEY_CFBundleDisplayName = FitnessTracker;
				INFOPLIST_KEY_LSApplicationCategoryType = "public.app-category.healthcare-fitness";
				INFOPLIST_KEY_NSFaceIDUsageDescription = "Authentication required";
				INFOPLIST_KEY_UIApplicationSceneManifest_Generation = YES;
				INFOPLIST_KEY_UIApplicationSupportsIndirectInputEvents = YES;
				INFOPLIST_KEY_UILaunchScreen_Generation = YES;
				INFOPLIST_KEY_UISupportedInterfaceOrientations_iPad = "UIInterfaceOrientationPortrait UIInterfaceOrientationPortraitUpsideDown UIInterfaceOrientationLandscapeLeft UIInterfaceOrientationLandscapeRight";
				INFOPLIST_KEY_UISupportedInterfaceOrientations_iPhone = "UIInterfaceOrientationPortrait UIInterfaceOrientationLandscapeLeft UIInterfaceOrientationLandscapeRight";
				LD_RUNPATH_SEARCH_PATHS = (
					"$(inherited)",
					"@executable_path/Frameworks",
				);
				MARKETING_VERSION = 1.0;
				PRODUCT_BUNDLE_IDENTIFIER = PrismaticDevs.FitnessTracker;
				PRODUCT_NAME = "$(TARGET_NAME)";
				SWIFT_EMIT_LOC_STRINGS = YES;
				SWIFT_VERSION = 5.0;
				TARGETED_DEVICE_FAMILY = "1,2";
			};
			name = Debug;
		};
		C998B0722CACEB5B00AD3898 /* Release */ = {
			isa = XCBuildConfiguration;
			buildSettings = {
				ASSETCATALOG_COMPILER_APPICON_NAME = AppIcon;
				ASSETCATALOG_COMPILER_GLOBAL_ACCENT_COLOR_NAME = AccentColor;
				CODE_SIGN_STYLE = Automatic;
				CURRENT_PROJECT_VERSION = 1;
				DEVELOPMENT_ASSET_PATHS = "\"FitnessTracker/Preview Content\"";
				ENABLE_PREVIEWS = YES;
				GENERATE_INFOPLIST_FILE = YES;
				INFOPLIST_FILE = FitnessTracker/Info.plist;
				INFOPLIST_KEY_CFBundleDisplayName = FitnessTracker;
				INFOPLIST_KEY_LSApplicationCategoryType = "public.app-category.healthcare-fitness";
				INFOPLIST_KEY_NSFaceIDUsageDescription = "Authentication required";
				INFOPLIST_KEY_UIApplicationSceneManifest_Generation = YES;
				INFOPLIST_KEY_UIApplicationSupportsIndirectInputEvents = YES;
				INFOPLIST_KEY_UILaunchScreen_Generation = YES;
				INFOPLIST_KEY_UISupportedInterfaceOrientations_iPad = "UIInterfaceOrientationPortrait UIInterfaceOrientationPortraitUpsideDown UIInterfaceOrientationLandscapeLeft UIInterfaceOrientationLandscapeRight";
				INFOPLIST_KEY_UISupportedInterfaceOrientations_iPhone = "UIInterfaceOrientationPortrait UIInterfaceOrientationLandscapeLeft UIInterfaceOrientationLandscapeRight";
				LD_RUNPATH_SEARCH_PATHS = (
					"$(inherited)",
					"@executable_path/Frameworks",
				);
				MARKETING_VERSION = 1.0;
				ONLY_ACTIVE_ARCH = YES;
				PRODUCT_BUNDLE_IDENTIFIER = PrismaticDevs.FitnessTracker;
				PRODUCT_NAME = "$(TARGET_NAME)";
				SWIFT_EMIT_LOC_STRINGS = YES;
				SWIFT_VERSION = 5.0;
				TARGETED_DEVICE_FAMILY = "1,2";
			};
			name = Release;
		};
		C998B0742CACEB5B00AD3898 /* Debug */ = {
			isa = XCBuildConfiguration;
			buildSettings = {
				BUNDLE_LOADER = "$(TEST_HOST)";
				CODE_SIGN_STYLE = Automatic;
				CURRENT_PROJECT_VERSION = 1;
				GENERATE_INFOPLIST_FILE = YES;
				IPHONEOS_DEPLOYMENT_TARGET = 18.0;
				MARKETING_VERSION = 1.0;
				PRODUCT_BUNDLE_IDENTIFIER = PrismaticDevs.FitnessTrackerTests;
				PRODUCT_NAME = "$(TARGET_NAME)";
				SWIFT_EMIT_LOC_STRINGS = NO;
				SWIFT_VERSION = 5.0;
				TARGETED_DEVICE_FAMILY = "1,2";
				TEST_HOST = "$(BUILT_PRODUCTS_DIR)/FitnessTracker.app/$(BUNDLE_EXECUTABLE_FOLDER_PATH)/FitnessTracker";
			};
			name = Debug;
		};
		C998B0752CACEB5B00AD3898 /* Release */ = {
			isa = XCBuildConfiguration;
			buildSettings = {
				BUNDLE_LOADER = "$(TEST_HOST)";
				CODE_SIGN_STYLE = Automatic;
				CURRENT_PROJECT_VERSION = 1;
				GENERATE_INFOPLIST_FILE = YES;
				IPHONEOS_DEPLOYMENT_TARGET = 18.0;
				MARKETING_VERSION = 1.0;
				PRODUCT_BUNDLE_IDENTIFIER = PrismaticDevs.FitnessTrackerTests;
				PRODUCT_NAME = "$(TARGET_NAME)";
				SWIFT_EMIT_LOC_STRINGS = NO;
				SWIFT_VERSION = 5.0;
				TARGETED_DEVICE_FAMILY = "1,2";
				TEST_HOST = "$(BUILT_PRODUCTS_DIR)/FitnessTracker.app/$(BUNDLE_EXECUTABLE_FOLDER_PATH)/FitnessTracker";
			};
			name = Release;
		};
		C998B0772CACEB5B00AD3898 /* Debug */ = {
			isa = XCBuildConfiguration;
			buildSettings = {
				CODE_SIGN_STYLE = Automatic;
				CURRENT_PROJECT_VERSION = 1;
				GENERATE_INFOPLIST_FILE = YES;
				MARKETING_VERSION = 1.0;
				PRODUCT_BUNDLE_IDENTIFIER = PrismaticDevs.FitnessTrackerUITests;
				PRODUCT_NAME = "$(TARGET_NAME)";
				SWIFT_EMIT_LOC_STRINGS = NO;
				SWIFT_VERSION = 5.0;
				TARGETED_DEVICE_FAMILY = "1,2";
				TEST_TARGET_NAME = FitnessTracker;
			};
			name = Debug;
		};
		C998B0782CACEB5B00AD3898 /* Release */ = {
			isa = XCBuildConfiguration;
			buildSettings = {
				CODE_SIGN_STYLE = Automatic;
				CURRENT_PROJECT_VERSION = 1;
				GENERATE_INFOPLIST_FILE = YES;
				MARKETING_VERSION = 1.0;
				PRODUCT_BUNDLE_IDENTIFIER = PrismaticDevs.FitnessTrackerUITests;
				PRODUCT_NAME = "$(TARGET_NAME)";
				SWIFT_EMIT_LOC_STRINGS = NO;
				SWIFT_VERSION = 5.0;
				TARGETED_DEVICE_FAMILY = "1,2";
				TEST_TARGET_NAME = FitnessTracker;
			};
			name = Release;
		};
/* End XCBuildConfiguration section */

/* Begin XCConfigurationList section */
		C998B0472CACEB5700AD3898 /* Build configuration list for PBXProject "FitnessTracker" */ = {
			isa = XCConfigurationList;
			buildConfigurations = (
				C998B06E2CACEB5B00AD3898 /* Debug */,
				C998B06F2CACEB5B00AD3898 /* Release */,
			);
			defaultConfigurationIsVisible = 0;
			defaultConfigurationName = Release;
		};
		C998B0702CACEB5B00AD3898 /* Build configuration list for PBXNativeTarget "FitnessTracker" */ = {
			isa = XCConfigurationList;
			buildConfigurations = (
				C998B0712CACEB5B00AD3898 /* Debug */,
				C998B0722CACEB5B00AD3898 /* Release */,
			);
			defaultConfigurationIsVisible = 0;
			defaultConfigurationName = Release;
		};
		C998B0732CACEB5B00AD3898 /* Build configuration list for PBXNativeTarget "FitnessTrackerTests" */ = {
			isa = XCConfigurationList;
			buildConfigurations = (
				C998B0742CACEB5B00AD3898 /* Debug */,
				C998B0752CACEB5B00AD3898 /* Release */,
			);
			defaultConfigurationIsVisible = 0;
			defaultConfigurationName = Release;
		};
		C998B0762CACEB5B00AD3898 /* Build configuration list for PBXNativeTarget "FitnessTrackerUITests" */ = {
			isa = XCConfigurationList;
			buildConfigurations = (
				C998B0772CACEB5B00AD3898 /* Debug */,
				C998B0782CACEB5B00AD3898 /* Release */,
			);
			defaultConfigurationIsVisible = 0;
			defaultConfigurationName = Release;
		};
/* End XCConfigurationList section */

/* Begin XCRemoteSwiftPackageReference section */
		C914B1A12EE4A59E0093E70E /* XCRemoteSwiftPackageReference "GoogleSignIn-iOS" */ = {
			isa = XCRemoteSwiftPackageReference;
			repositoryURL = "https://github.com/google/GoogleSignIn-iOS";
			requirement = {
				kind = upToNextMajorVersion;
				minimumVersion = 9.0.0;
			};
		};
		C9E3894C2EC1619200DCC8EE /* XCRemoteSwiftPackageReference "firebase-ios-sdk" */ = {
			isa = XCRemoteSwiftPackageReference;
			repositoryURL = "https://github.com/firebase/firebase-ios-sdk";
			requirement = {
				kind = upToNextMajorVersion;
				minimumVersion = 12.5.0;
			};
		};
/* End XCRemoteSwiftPackageReference section */

/* Begin XCSwiftPackageProductDependency section */
		C9483D122EE4B0E80071B6D8 /* GoogleSignIn */ = {
			isa = XCSwiftPackageProductDependency;
			package = C914B1A12EE4A59E0093E70E /* XCRemoteSwiftPackageReference "GoogleSignIn-iOS" */;
			productName = GoogleSignIn;
		};
		C9483D142EE4B0E80071B6D8 /* GoogleSignInSwift */ = {
			isa = XCSwiftPackageProductDependency;
			package = C914B1A12EE4A59E0093E70E /* XCRemoteSwiftPackageReference "GoogleSignIn-iOS" */;
			productName = GoogleSignInSwift;
		};
		C9E3894D2EC1619200DCC8EE /* FirebaseAI */ = {
			isa = XCSwiftPackageProductDependency;
			package = C9E3894C2EC1619200DCC8EE /* XCRemoteSwiftPackageReference "firebase-ios-sdk" */;
			productName = FirebaseAI;
		};
		C9E3894F2EC1619200DCC8EE /* FirebaseAnalytics */ = {
			isa = XCSwiftPackageProductDependency;
			package = C9E3894C2EC1619200DCC8EE /* XCRemoteSwiftPackageReference "firebase-ios-sdk" */;
			productName = FirebaseAnalytics;
		};
		C9E389512EC1619200DCC8EE /* FirebaseAuth */ = {
			isa = XCSwiftPackageProductDependency;
			package = C9E3894C2EC1619200DCC8EE /* XCRemoteSwiftPackageReference "firebase-ios-sdk" */;
			productName = FirebaseAuth;
		};
		C9E389532EC1619200DCC8EE /* FirebaseCore */ = {
			isa = XCSwiftPackageProductDependency;
			package = C9E3894C2EC1619200DCC8EE /* XCRemoteSwiftPackageReference "firebase-ios-sdk" */;
			productName = FirebaseCore;
		};
		C9E389552EC1619200DCC8EE /* FirebaseFirestore */ = {
			isa = XCSwiftPackageProductDependency;
			package = C9E3894C2EC1619200DCC8EE /* XCRemoteSwiftPackageReference "firebase-ios-sdk" */;
			productName = FirebaseFirestore;
		};
/* End XCSwiftPackageProductDependency section */
	};
	rootObject = C998B0442CACEB5700AD3898 /* Project object */;
}
